
Microsoft Visual Studio Solution File, Format Version 10.00
# Visual Studio 2008
Project("{FAE04EC0-301F-11D3-BF4B-00C04F79EFBC}") = "Maximum subarray sum", "Maximum subarray sum\Maximum subarray sum.csproj", "{542E41CF-BDB8-4302-BCB9-48C8F5E214F1}"
EndProject
Global
	GlobalSection(SolutionConfigurationPlatforms) = preSolution
		Debug|Any CPU = Debug|Any CPU
		Release|Any CPU = Release|Any CPU
	EndGlobalSection
	GlobalSection(ProjectConfigurationPlatforms) = postSolution
		{542E41CF-BDB8-4302-BCB9-48C8F5E214F1}.Debug|Any CPU.ActiveCfg = Debug|Any CPU
		{542E41CF-BDB8-4302-BCB9-48C8F5E214F1}.Debug|Any CPU.Build.0 = Debug|Any CPU
		{542E41CF-BDB8-4302-BCB9-48C8F5E214F1}.Release|Any CPU.ActiveCfg = Release|Any CPU
		{542E41CF-BDB8-4302-BCB9-48C8F5E214F1}.Release|Any CPU.Build.0 = Release|Any CPU
	EndGlobalSection
	GlobalSection(SolutionProperties) = preSolution
		HideSolutionNode = FALSE
	EndGlobalSection
EndGlobal
